
Microsoft Visual Studio Solution File, Format Version 12.00
# Visual Studio Version 16
VisualStudioVersion = 16.0.31624.102
MinimumVisualStudioVersion = 10.0.40219.1
Project("{9A19103F-16F7-4668-BE54-9A1E7A4F7556}") = "virusMain", "virusMain\virusMain.csproj", "{BF4878D8-397C-424D-AF5C-3B40D974D07F}"
EndProject
Project("{FAE04EC0-301F-11D3-BF4B-00C04F79EFBC}") = "MainControllPannel", "MainControllPannel\MainControllPannel.csproj", "{E4E86D97-F716-4C94-AE04-19F2E7CC0BAA}"
EndProject
Global
	GlobalSection(SolutionConfigurationPlatforms) = preSolution
		Debug|Any CPU = Debug|Any CPU
		Release|Any CPU = Release|Any CPU
	EndGlobalSection
	GlobalSection(ProjectConfigurationPlatforms) = postSolution
		{BF4878D8-397C-424D-AF5C-3B40D974D07F}.Debug|Any CPU.ActiveCfg = Debug|Any CPU
		{BF4878D8-397C-424D-AF5C-3B40D974D07F}.Debug|Any CPU.Build.0 = Debug|Any CPU
		{BF4878D8-397C-424D-AF5C-3B40D974D07F}.Release|Any CPU.ActiveCfg = Release|Any CPU
		{BF4878D8-397C-424D-AF5C-3B40D974D07F}.Release|Any CPU.Build.0 = Release|Any CPU
		{E4E86D97-F716-4C94-AE04-19F2E7CC0BAA}.Debug|Any CPU.ActiveCfg = Debug|Any CPU
		{E4E86D97-F716-4C94-AE04-19F2E7CC0BAA}.Debug|Any CPU.Build.0 = Debug|Any CPU
		{E4E86D97-F716-4C94-AE04-19F2E7CC0BAA}.Release|Any CPU.ActiveCfg = Release|Any CPU
		{E4E86D97-F716-4C94-AE04-19F2E7CC0BAA}.Release|Any CPU.Build.0 = Release|Any CPU
	EndGlobalSection
	GlobalSection(SolutionProperties) = preSolution
		HideSolutionNode = FALSE
	EndGlobalSection
	GlobalSection(ExtensibilityGlobals) = postSolution
		SolutionGuid = {3FD7C702-0CD2-4EE7-A5C7-35BACF152EB1}
	EndGlobalSection
EndGlobal
